
Microsoft Visual Studio Solution File, Format Version 12.00
# Visual Studio 15
VisualStudioVersion = 15.0.28307.705
MinimumVisualStudioVersion = 10.0.40219.1
Project("{FAE04EC0-301F-11D3-BF4B-00C04F79EFBC}") = "AspNetCoreVideo", "AspNetCoreVideo\AspNetCoreVideo.csproj", "{C9953D59-A734-4E15-94FB-4AEF571BCBC0}"
EndProject
Global
	GlobalSection(SolutionConfigurationPlatforms) = preSolution
		Debug|Any CPU = Debug|Any CPU
		Release|Any CPU = Release|Any CPU
	EndGlobalSection
	GlobalSection(ProjectConfigurationPlatforms) = postSolution
		{C9953D59-A734-4E15-94FB-4AEF571BCBC0}.Debug|Any CPU.ActiveCfg = Debug|Any CPU
		{C9953D59-A734-4E15-94FB-4AEF571BCBC0}.Debug|Any CPU.Build.0 = Debug|Any CPU
		{C9953D59-A734-4E15-94FB-4AEF571BCBC0}.Release|Any CPU.ActiveCfg = Release|Any CPU
		{C9953D59-A734-4E15-94FB-4AEF571BCBC0}.Release|Any CPU.Build.0 = Release|Any CPU
	EndGlobalSection
	GlobalSection(SolutionProperties) = preSolution
		HideSolutionNode = FALSE
	EndGlobalSection
	GlobalSection(ExtensibilityGlobals) = postSolution
		SolutionGuid = {B84D9637-FDB1-459D-AD0F-EBFCA4D6E0FA}
	EndGlobalSection
EndGlobal
